// !$*UTF8*$!
{
	archiveVersion = 1;
	classes = {
	};
	objectVersion = 51;
	objects = {

/* Begin PBXBuildFile section */
		64A5D912BA977334660B4327 /* Pods_PetHelp.framework in Frameworks */ = {isa = PBXBuildFile; fileRef = 2CC1C367E9EFE417FF8FBB20 /* Pods_PetHelp.framework */; };
		E303430C24F43A7000082D1D /* Launch Screen.storyboard in Resources */ = {isa = PBXBuildFile; fileRef = E303430B24F43A7000082D1D /* Launch Screen.storyboard */; };
		E3259F8424F09B0E00EBE511 /* ButtonSpaced.swift in Sources */ = {isa = PBXBuildFile; fileRef = E3259F8324F09B0E00EBE511 /* ButtonSpaced.swift */; };
		E333CCA624FC38EE004BACC7 /* SearchResultsListView.swift in Sources */ = {isa = PBXBuildFile; fileRef = E333CCA524FC38EE004BACC7 /* SearchResultsListView.swift */; };
		E357B5D0251786D000B23417 /* ImagesView.swift in Sources */ = {isa = PBXBuildFile; fileRef = E357B5CF251786D000B23417 /* ImagesView.swift */; };
		E3580C9F24FC161000BED59C /* GoogleService-Info.plist in Resources */ = {isa = PBXBuildFile; fileRef = E3580C9E24FC161000BED59C /* GoogleService-Info.plist */; };
		E3580CA124FC1B8800BED59C /* Location.swift in Sources */ = {isa = PBXBuildFile; fileRef = E3580CA024FC1B8800BED59C /* Location.swift */; };
		E3580CA324FC1FD100BED59C /* MapAnnotationView.swift in Sources */ = {isa = PBXBuildFile; fileRef = E3580CA224FC1FD100BED59C /* MapAnnotationView.swift */; };
		E35BA45B2511A08A004FE28C /* ButtonCircle.swift in Sources */ = {isa = PBXBuildFile; fileRef = E35BA45A2511A08A004FE28C /* ButtonCircle.swift */; };
		E3713D2C25140DB200557A0B /* SheetHeaderView.swift in Sources */ = {isa = PBXBuildFile; fileRef = E3713D2B25140DB100557A0B /* SheetHeaderView.swift */; };
		E3713D2E251437B700557A0B /* NewPetView.swift in Sources */ = {isa = PBXBuildFile; fileRef = E3713D2D251437B700557A0B /* NewPetView.swift */; };
		E3713D3025143C8A00557A0B /* RoundedTextEditor.swift in Sources */ = {isa = PBXBuildFile; fileRef = E3713D2F25143C8900557A0B /* RoundedTextEditor.swift */; };
		E3791A472509419E00AB9EFB /* KeyboardState.swift in Sources */ = {isa = PBXBuildFile; fileRef = E3791A462509419E00AB9EFB /* KeyboardState.swift */; };
		E37A8D3C2531EF6200F8D1E7 /* Mappable.swift in Sources */ = {isa = PBXBuildFile; fileRef = E37A8D3B2531EF6200F8D1E7 /* Mappable.swift */; };
		E37A8D4025321BC900F8D1E7 /* LocationManagerX.swift in Sources */ = {isa = PBXBuildFile; fileRef = E37A8D3F25321BC900F8D1E7 /* LocationManagerX.swift */; };
		E37A8D442534838400F8D1E7 /* Pets.swift in Sources */ = {isa = PBXBuildFile; fileRef = E37A8D432534838400F8D1E7 /* Pets.swift */; };
		E38DB83F24F738800034AA47 /* LoadingView.swift in Sources */ = {isa = PBXBuildFile; fileRef = E38DB83E24F738800034AA47 /* LoadingView.swift */; };
		E38DB84124F741D30034AA47 /* PetListItemView.swift in Sources */ = {isa = PBXBuildFile; fileRef = E38DB84024F741D30034AA47 /* PetListItemView.swift */; };
		E39483B0252954AB00115C13 /* Geofirestore.swift in Sources */ = {isa = PBXBuildFile; fileRef = E39483AF252954AB00115C13 /* Geofirestore.swift */; };
		E395E0012503E6820075BF84 /* AnnotationsListView.swift in Sources */ = {isa = PBXBuildFile; fileRef = E395E0002503E6820075BF84 /* AnnotationsListView.swift */; };
		E395E00525044A900075BF84 /* BottomSheet.swift in Sources */ = {isa = PBXBuildFile; fileRef = E395E00325044A900075BF84 /* BottomSheet.swift */; };
		E395E00625044A900075BF84 /* BottomSheetDragIndicator.swift in Sources */ = {isa = PBXBuildFile; fileRef = E395E00425044A900075BF84 /* BottomSheetDragIndicator.swift */; };
		E395E00825051FA40075BF84 /* SearchBar.swift in Sources */ = {isa = PBXBuildFile; fileRef = E395E00725051FA40075BF84 /* SearchBar.swift */; };
		E39FC04E24F49449002C12CB /* User.swift in Sources */ = {isa = PBXBuildFile; fileRef = E39FC04D24F49449002C12CB /* User.swift */; };
		E39FC05124F49720002C12CB /* UserStore.swift in Sources */ = {isa = PBXBuildFile; fileRef = E39FC05024F49720002C12CB /* UserStore.swift */; };
		E3A3F87824F340190065E6A7 /* KeyboardAdaptative.swift in Sources */ = {isa = PBXBuildFile; fileRef = E3A3F87724F340190065E6A7 /* KeyboardAdaptative.swift */; };
		E3A3F87A24F3402B0065E6A7 /* KeyboardHeightPublisher.swift in Sources */ = {isa = PBXBuildFile; fileRef = E3A3F87924F3402B0065E6A7 /* KeyboardHeightPublisher.swift */; };
		E3A3F87C24F3406F0065E6A7 /* UIResponder+Current.swift in Sources */ = {isa = PBXBuildFile; fileRef = E3A3F87B24F3406F0065E6A7 /* UIResponder+Current.swift */; };
		E3A44A3924F20C2E0079AEAA /* HomeView.swift in Sources */ = {isa = PBXBuildFile; fileRef = E3A44A3824F20C2E0079AEAA /* HomeView.swift */; };
		E3A44A3B24F212BC0079AEAA /* BaseView.swift in Sources */ = {isa = PBXBuildFile; fileRef = E3A44A3A24F212BC0079AEAA /* BaseView.swift */; };
		E3ADD8DB24F0976A00ED43A9 /* PetHelpApp.swift in Sources */ = {isa = PBXBuildFile; fileRef = E3ADD8DA24F0976A00ED43A9 /* PetHelpApp.swift */; };
		E3ADD8DD24F0976A00ED43A9 /* ContentView.swift in Sources */ = {isa = PBXBuildFile; fileRef = E3ADD8DC24F0976A00ED43A9 /* ContentView.swift */; };
		E3ADD8DF24F0976C00ED43A9 /* Assets.xcassets in Resources */ = {isa = PBXBuildFile; fileRef = E3ADD8DE24F0976C00ED43A9 /* Assets.xcassets */; };
		E3ADD8E224F0976C00ED43A9 /* Preview Assets.xcassets in Resources */ = {isa = PBXBuildFile; fileRef = E3ADD8E124F0976C00ED43A9 /* Preview Assets.xcassets */; };
		E3AF613925210221006D3F6B /* LocationFoundView.swift in Sources */ = {isa = PBXBuildFile; fileRef = E3AF613825210221006D3F6B /* LocationFoundView.swift */; };
		E3AF613C2521039B006D3F6B /* CustomSectionView.swift in Sources */ = {isa = PBXBuildFile; fileRef = E3AF613B2521039B006D3F6B /* CustomSectionView.swift */; };
		E3AF614025213295006D3F6B /* LocationsRepository.swift in Sources */ = {isa = PBXBuildFile; fileRef = E3AF613F25213295006D3F6B /* LocationsRepository.swift */; };
		E3AF616525213D4A006D3F6B /* LocationDTO.swift in Sources */ = {isa = PBXBuildFile; fileRef = E3AF616425213D4A006D3F6B /* LocationDTO.swift */; };
		E3AF616825214580006D3F6B /* Location+initWithLocationDTO.swift in Sources */ = {isa = PBXBuildFile; fileRef = E3AF616725214580006D3F6B /* Location+initWithLocationDTO.swift */; };
		E3B579FF2526815F00393DD4 /* PetDTO.swift in Sources */ = {isa = PBXBuildFile; fileRef = E3B579FE2526815F00393DD4 /* PetDTO.swift */; };
		E3B57A02252681FC00393DD4 /* Pet+initWithPetDTO.swift in Sources */ = {isa = PBXBuildFile; fileRef = E3B57A01252681FC00393DD4 /* Pet+initWithPetDTO.swift */; };
		E3B6FCEA2517E1EF00814FCE /* PetStore.swift in Sources */ = {isa = PBXBuildFile; fileRef = E3B6FCE92517E1EF00814FCE /* PetStore.swift */; };
		E3B6FCED2517E27B00814FCE /* Pet.swift in Sources */ = {isa = PBXBuildFile; fileRef = E3B6FCEC2517E27B00814FCE /* Pet.swift */; };
		E3B6FD7E2518098100814FCE /* Localizable.strings in Resources */ = {isa = PBXBuildFile; fileRef = E3B6FD802518098100814FCE /* Localizable.strings */; };
		E3B6FD852518179E00814FCE /* PetListView.swift in Sources */ = {isa = PBXBuildFile; fileRef = E3B6FD842518179E00814FCE /* PetListView.swift */; };
		E3BA036A24F5D2E1003E36B4 /* Coordinator.swift in Sources */ = {isa = PBXBuildFile; fileRef = E3BA036924F5D2E1003E36B4 /* Coordinator.swift */; };
		E3BA036C24F5D2F2003E36B4 /* ImagePicker.swift in Sources */ = {isa = PBXBuildFile; fileRef = E3BA036B24F5D2F2003E36B4 /* ImagePicker.swift */; };
		E3BA036F24F5D378003E36B4 /* String+getImage.swift in Sources */ = {isa = PBXBuildFile; fileRef = E3BA036E24F5D378003E36B4 /* String+getImage.swift */; };
		E3BA037224F5E8AF003E36B4 /* AvatarView.swift in Sources */ = {isa = PBXBuildFile; fileRef = E3BA037124F5E8AF003E36B4 /* AvatarView.swift */; };
		E3BA037424F5EDEB003E36B4 /* SettingsView.swift in Sources */ = {isa = PBXBuildFile; fileRef = E3BA037324F5EDEB003E36B4 /* SettingsView.swift */; };
		E3D3CE2B24F9BF9200A59D19 /* MapView2.swift in Sources */ = {isa = PBXBuildFile; fileRef = E3D3CE2A24F9BF9200A59D19 /* MapView2.swift */; };
		E3D3CE3224F9C71900A59D19 /* LocationManager.swift in Sources */ = {isa = PBXBuildFile; fileRef = E3D3CE3124F9C71900A59D19 /* LocationManager.swift */; };
		E3D539FE2506AADC00F71F6C /* MapView.swift in Sources */ = {isa = PBXBuildFile; fileRef = E3D539FD2506AADC00F71F6C /* MapView.swift */; };
		E3D53A002506B7EE00F71F6C /* LocationsView.swift in Sources */ = {isa = PBXBuildFile; fileRef = E3D539FF2506B7EE00F71F6C /* LocationsView.swift */; };
		E3EA0EF324F205390020C007 /* RoundedTextField.swift in Sources */ = {isa = PBXBuildFile; fileRef = E3EA0EF224F205390020C007 /* RoundedTextField.swift */; };
		E3EEF8FE251D1A2200C5183C /* View+HideKeyboard.swift in Sources */ = {isa = PBXBuildFile; fileRef = E3EEF8FD251D1A2200C5183C /* View+HideKeyboard.swift */; };
		E3EEF902251D1A9B00C5183C /* DismissKeyboard.swift in Sources */ = {isa = PBXBuildFile; fileRef = E3EEF901251D1A9B00C5183C /* DismissKeyboard.swift */; };
		E3FEAF6D24F14E3E00F7EC2D /* LoginView.swift in Sources */ = {isa = PBXBuildFile; fileRef = E3FEAF6C24F14E3E00F7EC2D /* LoginView.swift */; };
/* End PBXBuildFile section */

/* Begin PBXFileReference section */
		2CC1C367E9EFE417FF8FBB20 /* Pods_PetHelp.framework */ = {isa = PBXFileReference; explicitFileType = wrapper.framework; includeInIndex = 0; path = Pods_PetHelp.framework; sourceTree = BUILT_PRODUCTS_DIR; };
		3633E389B23F54F192DCA990 /* Pods-PetHelp.release.xcconfig */ = {isa = PBXFileReference; includeInIndex = 1; lastKnownFileType = text.xcconfig; name = "Pods-PetHelp.release.xcconfig"; path = "Target Support Files/Pods-PetHelp/Pods-PetHelp.release.xcconfig"; sourceTree = "<group>"; };
		E303430B24F43A7000082D1D /* Launch Screen.storyboard */ = {isa = PBXFileReference; lastKnownFileType = file.storyboard; path = "Launch Screen.storyboard"; sourceTree = "<group>"; };
		E3259F8324F09B0E00EBE511 /* ButtonSpaced.swift */ = {isa = PBXFileReference; lastKnownFileType = sourcecode.swift; path = ButtonSpaced.swift; sourceTree = "<group>"; };
		E333CCA524FC38EE004BACC7 /* SearchResultsListView.swift */ = {isa = PBXFileReference; lastKnownFileType = sourcecode.swift; path = SearchResultsListView.swift; sourceTree = "<group>"; };
		E357B5CF251786D000B23417 /* ImagesView.swift */ = {isa = PBXFileReference; lastKnownFileType = sourcecode.swift; path = ImagesView.swift; sourceTree = "<group>"; };
		E3580C9E24FC161000BED59C /* GoogleService-Info.plist */ = {isa = PBXFileReference; fileEncoding = 4; lastKnownFileType = text.plist.xml; path = "GoogleService-Info.plist"; sourceTree = "<group>"; };
		E3580CA024FC1B8800BED59C /* Location.swift */ = {isa = PBXFileReference; lastKnownFileType = sourcecode.swift; path = Location.swift; sourceTree = "<group>"; };
		E3580CA224FC1FD100BED59C /* MapAnnotationView.swift */ = {isa = PBXFileReference; lastKnownFileType = sourcecode.swift; path = MapAnnotationView.swift; sourceTree = "<group>"; };
		E35BA45A2511A08A004FE28C /* ButtonCircle.swift */ = {isa = PBXFileReference; lastKnownFileType = sourcecode.swift; path = ButtonCircle.swift; sourceTree = "<group>"; };
		E3713D2B25140DB100557A0B /* SheetHeaderView.swift */ = {isa = PBXFileReference; lastKnownFileType = sourcecode.swift; path = SheetHeaderView.swift; sourceTree = "<group>"; };
		E3713D2D251437B700557A0B /* NewPetView.swift */ = {isa = PBXFileReference; lastKnownFileType = sourcecode.swift; path = NewPetView.swift; sourceTree = "<group>"; };
		E3713D2F25143C8900557A0B /* RoundedTextEditor.swift */ = {isa = PBXFileReference; lastKnownFileType = sourcecode.swift; path = RoundedTextEditor.swift; sourceTree = "<group>"; };
		E3791A462509419E00AB9EFB /* KeyboardState.swift */ = {isa = PBXFileReference; lastKnownFileType = sourcecode.swift; path = KeyboardState.swift; sourceTree = "<group>"; };
		E37A8D3B2531EF6200F8D1E7 /* Mappable.swift */ = {isa = PBXFileReference; lastKnownFileType = sourcecode.swift; path = Mappable.swift; sourceTree = "<group>"; };
		E37A8D3F25321BC900F8D1E7 /* LocationManagerX.swift */ = {isa = PBXFileReference; lastKnownFileType = sourcecode.swift; path = LocationManagerX.swift; sourceTree = "<group>"; };
		E37A8D432534838400F8D1E7 /* Pets.swift */ = {isa = PBXFileReference; lastKnownFileType = sourcecode.swift; path = Pets.swift; sourceTree = "<group>"; };
		E38DB83E24F738800034AA47 /* LoadingView.swift */ = {isa = PBXFileReference; lastKnownFileType = sourcecode.swift; path = LoadingView.swift; sourceTree = "<group>"; };
		E38DB84024F741D30034AA47 /* PetListItemView.swift */ = {isa = PBXFileReference; lastKnownFileType = sourcecode.swift; path = PetListItemView.swift; sourceTree = "<group>"; };
		E39483AF252954AB00115C13 /* Geofirestore.swift */ = {isa = PBXFileReference; fileEncoding = 4; lastKnownFileType = sourcecode.swift; path = Geofirestore.swift; sourceTree = "<group>"; };
		E395E0002503E6820075BF84 /* AnnotationsListView.swift */ = {isa = PBXFileReference; lastKnownFileType = sourcecode.swift; path = AnnotationsListView.swift; sourceTree = "<group>"; };
		E395E00325044A900075BF84 /* BottomSheet.swift */ = {isa = PBXFileReference; fileEncoding = 4; lastKnownFileType = sourcecode.swift; path = BottomSheet.swift; sourceTree = "<group>"; };
		E395E00425044A900075BF84 /* BottomSheetDragIndicator.swift */ = {isa = PBXFileReference; fileEncoding = 4; lastKnownFileType = sourcecode.swift; path = BottomSheetDragIndicator.swift; sourceTree = "<group>"; };
		E395E00725051FA40075BF84 /* SearchBar.swift */ = {isa = PBXFileReference; lastKnownFileType = sourcecode.swift; path = SearchBar.swift; sourceTree = "<group>"; };
		E39FC04D24F49449002C12CB /* User.swift */ = {isa = PBXFileReference; lastKnownFileType = sourcecode.swift; path = User.swift; sourceTree = "<group>"; };
		E39FC05024F49720002C12CB /* UserStore.swift */ = {isa = PBXFileReference; lastKnownFileType = sourcecode.swift; path = UserStore.swift; sourceTree = "<group>"; };
		E3A3F87724F340190065E6A7 /* KeyboardAdaptative.swift */ = {isa = PBXFileReference; lastKnownFileType = sourcecode.swift; path = KeyboardAdaptative.swift; sourceTree = "<group>"; };
		E3A3F87924F3402B0065E6A7 /* KeyboardHeightPublisher.swift */ = {isa = PBXFileReference; lastKnownFileType = sourcecode.swift; path = KeyboardHeightPublisher.swift; sourceTree = "<group>"; };
		E3A3F87B24F3406F0065E6A7 /* UIResponder+Current.swift */ = {isa = PBXFileReference; lastKnownFileType = sourcecode.swift; path = "UIResponder+Current.swift"; sourceTree = "<group>"; };
		E3A44A3824F20C2E0079AEAA /* HomeView.swift */ = {isa = PBXFileReference; lastKnownFileType = sourcecode.swift; path = HomeView.swift; sourceTree = "<group>"; };
		E3A44A3A24F212BC0079AEAA /* BaseView.swift */ = {isa = PBXFileReference; lastKnownFileType = sourcecode.swift; path = BaseView.swift; sourceTree = "<group>"; };
		E3ADD8D724F0976A00ED43A9 /* PetHelp.app */ = {isa = PBXFileReference; explicitFileType = wrapper.application; includeInIndex = 0; path = PetHelp.app; sourceTree = BUILT_PRODUCTS_DIR; };
		E3ADD8DA24F0976A00ED43A9 /* PetHelpApp.swift */ = {isa = PBXFileReference; lastKnownFileType = sourcecode.swift; path = PetHelpApp.swift; sourceTree = "<group>"; };
		E3ADD8DC24F0976A00ED43A9 /* ContentView.swift */ = {isa = PBXFileReference; lastKnownFileType = sourcecode.swift; path = ContentView.swift; sourceTree = "<group>"; };
		E3ADD8DE24F0976C00ED43A9 /* Assets.xcassets */ = {isa = PBXFileReference; lastKnownFileType = folder.assetcatalog; path = Assets.xcassets; sourceTree = "<group>"; };
		E3ADD8E124F0976C00ED43A9 /* Preview Assets.xcassets */ = {isa = PBXFileReference; lastKnownFileType = folder.assetcatalog; path = "Preview Assets.xcassets"; sourceTree = "<group>"; };
		E3ADD8E324F0976C00ED43A9 /* Info.plist */ = {isa = PBXFileReference; lastKnownFileType = text.plist.xml; path = Info.plist; sourceTree = "<group>"; };
		E3AF613825210221006D3F6B /* LocationFoundView.swift */ = {isa = PBXFileReference; lastKnownFileType = sourcecode.swift; path = LocationFoundView.swift; sourceTree = "<group>"; };
		E3AF613B2521039B006D3F6B /* CustomSectionView.swift */ = {isa = PBXFileReference; lastKnownFileType = sourcecode.swift; path = CustomSectionView.swift; sourceTree = "<group>"; };
		E3AF613F25213295006D3F6B /* LocationsRepository.swift */ = {isa = PBXFileReference; lastKnownFileType = sourcecode.swift; path = LocationsRepository.swift; sourceTree = "<group>"; };
		E3AF616425213D4A006D3F6B /* LocationDTO.swift */ = {isa = PBXFileReference; lastKnownFileType = sourcecode.swift; path = LocationDTO.swift; sourceTree = "<group>"; };
		E3AF616725214580006D3F6B /* Location+initWithLocationDTO.swift */ = {isa = PBXFileReference; lastKnownFileType = sourcecode.swift; path = "Location+initWithLocationDTO.swift"; sourceTree = "<group>"; };
		E3B579FE2526815F00393DD4 /* PetDTO.swift */ = {isa = PBXFileReference; lastKnownFileType = sourcecode.swift; path = PetDTO.swift; sourceTree = "<group>"; };
		E3B57A01252681FC00393DD4 /* Pet+initWithPetDTO.swift */ = {isa = PBXFileReference; lastKnownFileType = sourcecode.swift; path = "Pet+initWithPetDTO.swift"; sourceTree = "<group>"; };
		E3B6FCE92517E1EF00814FCE /* PetStore.swift */ = {isa = PBXFileReference; lastKnownFileType = sourcecode.swift; path = PetStore.swift; sourceTree = "<group>"; };
		E3B6FCEC2517E27B00814FCE /* Pet.swift */ = {isa = PBXFileReference; lastKnownFileType = sourcecode.swift; path = Pet.swift; sourceTree = "<group>"; };
		E3B6FD7F2518098100814FCE /* en */ = {isa = PBXFileReference; lastKnownFileType = text.plist.strings; name = en; path = en.lproj/Localizable.strings; sourceTree = "<group>"; };
		E3B6FD822518098A00814FCE /* pt-BR */ = {isa = PBXFileReference; lastKnownFileType = text.plist.strings; name = "pt-BR"; path = "pt-BR.lproj/Localizable.strings"; sourceTree = "<group>"; };
		E3B6FD842518179E00814FCE /* PetListView.swift */ = {isa = PBXFileReference; lastKnownFileType = sourcecode.swift; path = PetListView.swift; sourceTree = "<group>"; };
		E3BA036924F5D2E1003E36B4 /* Coordinator.swift */ = {isa = PBXFileReference; lastKnownFileType = sourcecode.swift; path = Coordinator.swift; sourceTree = "<group>"; };
		E3BA036B24F5D2F2003E36B4 /* ImagePicker.swift */ = {isa = PBXFileReference; lastKnownFileType = sourcecode.swift; path = ImagePicker.swift; sourceTree = "<group>"; };
		E3BA036E24F5D378003E36B4 /* String+getImage.swift */ = {isa = PBXFileReference; lastKnownFileType = sourcecode.swift; path = "String+getImage.swift"; sourceTree = "<group>"; };
		E3BA037124F5E8AF003E36B4 /* AvatarView.swift */ = {isa = PBXFileReference; lastKnownFileType = sourcecode.swift; path = AvatarView.swift; sourceTree = "<group>"; };
		E3BA037324F5EDEB003E36B4 /* SettingsView.swift */ = {isa = PBXFileReference; lastKnownFileType = sourcecode.swift; path = SettingsView.swift; sourceTree = "<group>"; };
		E3D3CE2A24F9BF9200A59D19 /* MapView2.swift */ = {isa = PBXFileReference; lastKnownFileType = sourcecode.swift; path = MapView2.swift; sourceTree = "<group>"; };
		E3D3CE3124F9C71900A59D19 /* LocationManager.swift */ = {isa = PBXFileReference; lastKnownFileType = sourcecode.swift; path = LocationManager.swift; sourceTree = "<group>"; };
		E3D539FD2506AADC00F71F6C /* MapView.swift */ = {isa = PBXFileReference; lastKnownFileType = sourcecode.swift; path = MapView.swift; sourceTree = "<group>"; };
		E3D539FF2506B7EE00F71F6C /* LocationsView.swift */ = {isa = PBXFileReference; lastKnownFileType = sourcecode.swift; path = LocationsView.swift; sourceTree = "<group>"; };
		E3EA0EF224F205390020C007 /* RoundedTextField.swift */ = {isa = PBXFileReference; lastKnownFileType = sourcecode.swift; path = RoundedTextField.swift; sourceTree = "<group>"; };
		E3EEF8FD251D1A2200C5183C /* View+HideKeyboard.swift */ = {isa = PBXFileReference; lastKnownFileType = sourcecode.swift; path = "View+HideKeyboard.swift"; sourceTree = "<group>"; };
		E3EEF901251D1A9B00C5183C /* DismissKeyboard.swift */ = {isa = PBXFileReference; lastKnownFileType = sourcecode.swift; path = DismissKeyboard.swift; sourceTree = "<group>"; };
		E3FEAF6C24F14E3E00F7EC2D /* LoginView.swift */ = {isa = PBXFileReference; lastKnownFileType = sourcecode.swift; path = LoginView.swift; sourceTree = "<group>"; };
		F81D05AEAA62F3DA549EC09E /* Pods-PetHelp.debug.xcconfig */ = {isa = PBXFileReference; includeInIndex = 1; lastKnownFileType = text.xcconfig; name = "Pods-PetHelp.debug.xcconfig"; path = "Target Support Files/Pods-PetHelp/Pods-PetHelp.debug.xcconfig"; sourceTree = "<group>"; };
/* End PBXFileReference section */

/* Begin PBXFrameworksBuildPhase section */
		E3ADD8D424F0976A00ED43A9 /* Frameworks */ = {
			isa = PBXFrameworksBuildPhase;
			buildActionMask = 2147483647;
			files = (
				64A5D912BA977334660B4327 /* Pods_PetHelp.framework in Frameworks */,
			);
			runOnlyForDeploymentPostprocessing = 0;
		};
/* End PBXFrameworksBuildPhase section */

/* Begin PBXGroup section */
		846261AA724F98EAD0D55A6E /* Frameworks */ = {
			isa = PBXGroup;
			children = (
				2CC1C367E9EFE417FF8FBB20 /* Pods_PetHelp.framework */,
			);
			name = Frameworks;
			sourceTree = "<group>";
		};
		AA2D9138A58833E642F12AFC /* Pods */ = {
			isa = PBXGroup;
			children = (
				F81D05AEAA62F3DA549EC09E /* Pods-PetHelp.debug.xcconfig */,
				3633E389B23F54F192DCA990 /* Pods-PetHelp.release.xcconfig */,
			);
			path = Pods;
			sourceTree = "<group>";
		};
		E3259F8224F09AC300EBE511 /* Components */ = {
			isa = PBXGroup;
			children = (
				E357B5CE2517864C00B23417 /* PHPickerSelection */,
				E395E00225044A900075BF84 /* BottomSheet */,
				E3BA036824F5D2D1003E36B4 /* ImagePicker */,
				E3A3F87624F33FED0065E6A7 /* Keyboard */,
				E3259F8324F09B0E00EBE511 /* ButtonSpaced.swift */,
				E3EA0EF224F205390020C007 /* RoundedTextField.swift */,
				E3713D2F25143C8900557A0B /* RoundedTextEditor.swift */,
				E3A44A3A24F212BC0079AEAA /* BaseView.swift */,
				E38DB83E24F738800034AA47 /* LoadingView.swift */,
				E395E00725051FA40075BF84 /* SearchBar.swift */,
				E35BA45A2511A08A004FE28C /* ButtonCircle.swift */,
				E3713D2B25140DB100557A0B /* SheetHeaderView.swift */,
			);
			path = Components;
			sourceTree = "<group>";
		};
		E357B5CE2517864C00B23417 /* PHPickerSelection */ = {
			isa = PBXGroup;
			children = (
				E357B5CF251786D000B23417 /* ImagesView.swift */,
			);
			path = PHPickerSelection;
			sourceTree = "<group>";
		};
		E37A8D392531EF0F00F8D1E7 /* DomainLayer */ = {
			isa = PBXGroup;
			children = (
				E37A8D422534836000F8D1E7 /* Pets */,
				E37A8D3A2531EF3A00F8D1E7 /* MapManager */,
			);
			path = DomainLayer;
			sourceTree = "<group>";
		};
		E37A8D3A2531EF3A00F8D1E7 /* MapManager */ = {
			isa = PBXGroup;
			children = (
				E37A8D3B2531EF6200F8D1E7 /* Mappable.swift */,
				E37A8D3F25321BC900F8D1E7 /* LocationManagerX.swift */,
			);
			path = MapManager;
			sourceTree = "<group>";
		};
		E37A8D422534836000F8D1E7 /* Pets */ = {
			isa = PBXGroup;
			children = (
				E37A8D432534838400F8D1E7 /* Pets.swift */,
			);
			path = Pets;
			sourceTree = "<group>";
		};
		E395E00225044A900075BF84 /* BottomSheet */ = {
			isa = PBXGroup;
			children = (
				E395E00325044A900075BF84 /* BottomSheet.swift */,
				E395E00425044A900075BF84 /* BottomSheetDragIndicator.swift */,
			);
			path = BottomSheet;
			sourceTree = "<group>";
		};
		E39FC04C24F49438002C12CB /* Models */ = {
			isa = PBXGroup;
			children = (
				E39FC04D24F49449002C12CB /* User.swift */,
				E3580CA024FC1B8800BED59C /* Location.swift */,
				E3B6FCEC2517E27B00814FCE /* Pet.swift */,
			);
			path = Models;
			sourceTree = "<group>";
		};
		E39FC04F24F49711002C12CB /* Stores */ = {
			isa = PBXGroup;
			children = (
				E39FC05024F49720002C12CB /* UserStore.swift */,
				E3B6FCE92517E1EF00814FCE /* PetStore.swift */,
			);
			path = Stores;
			sourceTree = "<group>";
		};
		E3A3F87624F33FED0065E6A7 /* Keyboard */ = {
			isa = PBXGroup;
			children = (
				E3A3F87724F340190065E6A7 /* KeyboardAdaptative.swift */,
				E3A3F87924F3402B0065E6A7 /* KeyboardHeightPublisher.swift */,
				E3A3F87B24F3406F0065E6A7 /* UIResponder+Current.swift */,
			);
			path = Keyboard;
			sourceTree = "<group>";
		};
		E3ADD8CE24F0976A00ED43A9 = {
			isa = PBXGroup;
			children = (
				E3ADD8D924F0976A00ED43A9 /* PetHelp */,
				E3ADD8D824F0976A00ED43A9 /* Products */,
				AA2D9138A58833E642F12AFC /* Pods */,
				846261AA724F98EAD0D55A6E /* Frameworks */,
			);
			sourceTree = "<group>";
		};
		E3ADD8D824F0976A00ED43A9 /* Products */ = {
			isa = PBXGroup;
			children = (
				E3ADD8D724F0976A00ED43A9 /* PetHelp.app */,
			);
			name = Products;
			sourceTree = "<group>";
		};
		E3ADD8D924F0976A00ED43A9 /* PetHelp */ = {
			isa = PBXGroup;
			children = (
				E37A8D392531EF0F00F8D1E7 /* DomainLayer */,
				E3AF613E2521323D006D3F6B /* DataLayer */,
				E3580C9E24FC161000BED59C /* GoogleService-Info.plist */,
				E3D3CE3024F9C70500A59D19 /* Managers */,
				E3BA036D24F5D364003E36B4 /* Extensions */,
				E39FC04F24F49711002C12CB /* Stores */,
				E39FC04C24F49438002C12CB /* Models */,
				E3EEF900251D1A6F00C5183C /* ViewModifiers */,
				E3FEAF6B24F14E2C00F7EC2D /* Views */,
				E3259F8224F09AC300EBE511 /* Components */,
				E3ADD8DA24F0976A00ED43A9 /* PetHelpApp.swift */,
				E3ADD8DC24F0976A00ED43A9 /* ContentView.swift */,
				E3ADD8E024F0976C00ED43A9 /* Preview Content */,
				E3ADD8DE24F0976C00ED43A9 /* Assets.xcassets */,
				E3ADD8E324F0976C00ED43A9 /* Info.plist */,
				E303430B24F43A7000082D1D /* Launch Screen.storyboard */,
				E3B6FD802518098100814FCE /* Localizable.strings */,
			);
			path = PetHelp;
			sourceTree = "<group>";
		};
		E3ADD8E024F0976C00ED43A9 /* Preview Content */ = {
			isa = PBXGroup;
			children = (
				E3ADD8E124F0976C00ED43A9 /* Preview Assets.xcassets */,
			);
			path = "Preview Content";
			sourceTree = "<group>";
		};
		E3AF613E2521323D006D3F6B /* DataLayer */ = {
			isa = PBXGroup;
			children = (
				E3AF616325213CA6006D3F6B /* Locations */,
			);
			path = DataLayer;
			sourceTree = "<group>";
		};
		E3AF616225213C47006D3F6B /* DTO */ = {
			isa = PBXGroup;
			children = (
				E3AF616425213D4A006D3F6B /* LocationDTO.swift */,
				E3AF616725214580006D3F6B /* Location+initWithLocationDTO.swift */,
				E3B579FE2526815F00393DD4 /* PetDTO.swift */,
				E3B57A01252681FC00393DD4 /* Pet+initWithPetDTO.swift */,
			);
			path = DTO;
			sourceTree = "<group>";
		};
		E3AF616325213CA6006D3F6B /* Locations */ = {
			isa = PBXGroup;
			children = (
				E3AF616225213C47006D3F6B /* DTO */,
				E3AF613F25213295006D3F6B /* LocationsRepository.swift */,
			);
			path = Locations;
			sourceTree = "<group>";
		};
		E3BA036824F5D2D1003E36B4 /* ImagePicker */ = {
			isa = PBXGroup;
			children = (
				E3BA036924F5D2E1003E36B4 /* Coordinator.swift */,
				E3BA036B24F5D2F2003E36B4 /* ImagePicker.swift */,
			);
			path = ImagePicker;
			sourceTree = "<group>";
		};
		E3BA036D24F5D364003E36B4 /* Extensions */ = {
			isa = PBXGroup;
			children = (
				E3BA036E24F5D378003E36B4 /* String+getImage.swift */,
				E3EEF8FD251D1A2200C5183C /* View+HideKeyboard.swift */,
			);
			path = Extensions;
			sourceTree = "<group>";
		};
		E3BA037024F5E85C003E36B4 /* Components */ = {
			isa = PBXGroup;
			children = (
				E3BA037124F5E8AF003E36B4 /* AvatarView.swift */,
				E38DB84024F741D30034AA47 /* PetListItemView.swift */,
				E3D3CE2A24F9BF9200A59D19 /* MapView2.swift */,
				E3D539FD2506AADC00F71F6C /* MapView.swift */,
				E3580CA224FC1FD100BED59C /* MapAnnotationView.swift */,
				E333CCA524FC38EE004BACC7 /* SearchResultsListView.swift */,
				E395E0002503E6820075BF84 /* AnnotationsListView.swift */,
				E3B6FD842518179E00814FCE /* PetListView.swift */,
				E3AF613B2521039B006D3F6B /* CustomSectionView.swift */,
			);
			path = Components;
			sourceTree = "<group>";
		};
		E3D3CE3024F9C70500A59D19 /* Managers */ = {
			isa = PBXGroup;
			children = (
				E39483AF252954AB00115C13 /* Geofirestore.swift */,
				E3D3CE3124F9C71900A59D19 /* LocationManager.swift */,
				E3791A462509419E00AB9EFB /* KeyboardState.swift */,
			);
			path = Managers;
			sourceTree = "<group>";
		};
		E3EEF900251D1A6F00C5183C /* ViewModifiers */ = {
			isa = PBXGroup;
			children = (
				E3EEF901251D1A9B00C5183C /* DismissKeyboard.swift */,
			);
			path = ViewModifiers;
			sourceTree = "<group>";
		};
		E3FEAF6B24F14E2C00F7EC2D /* Views */ = {
			isa = PBXGroup;
			children = (
				E3BA037024F5E85C003E36B4 /* Components */,
				E3FEAF6C24F14E3E00F7EC2D /* LoginView.swift */,
				E3A44A3824F20C2E0079AEAA /* HomeView.swift */,
				E3D539FF2506B7EE00F71F6C /* LocationsView.swift */,
				E3BA037324F5EDEB003E36B4 /* SettingsView.swift */,
				E3713D2D251437B700557A0B /* NewPetView.swift */,
				E3AF613825210221006D3F6B /* LocationFoundView.swift */,
			);
			path = Views;
			sourceTree = "<group>";
		};
/* End PBXGroup section */

/* Begin PBXNativeTarget section */
		E3ADD8D624F0976A00ED43A9 /* PetHelp */ = {
			isa = PBXNativeTarget;
			buildConfigurationList = E3ADD8E624F0976C00ED43A9 /* Build configuration list for PBXNativeTarget "PetHelp" */;
			buildPhases = (
				98673FCE412FC1C27C0821F4 /* [CP] Check Pods Manifest.lock */,
				E3ADD8D324F0976A00ED43A9 /* Sources */,
				E3ADD8D424F0976A00ED43A9 /* Frameworks */,
				E3ADD8D524F0976A00ED43A9 /* Resources */,
				E3B6FD192517F0AB00814FCE /* ShellScript */,
				8BE6043A15DD51CDA62D1741 /* [CP] Embed Pods Frameworks */,
			);
			buildRules = (
			);
			dependencies = (
			);
			name = PetHelp;
			productName = PetHelp;
			productReference = E3ADD8D724F0976A00ED43A9 /* PetHelp.app */;
			productType = "com.apple.product-type.application";
		};
/* End PBXNativeTarget section */

/* Begin PBXProject section */
		E3ADD8CF24F0976A00ED43A9 /* Project object */ = {
			isa = PBXProject;
			attributes = {
				LastSwiftUpdateCheck = 1200;
				LastUpgradeCheck = 1200;
				TargetAttributes = {
					E3ADD8D624F0976A00ED43A9 = {
						CreatedOnToolsVersion = 12.0;
					};
				};
			};
			buildConfigurationList = E3ADD8D224F0976A00ED43A9 /* Build configuration list for PBXProject "PetHelp" */;
			compatibilityVersion = "Xcode 9.3";
			developmentRegion = en;
			hasScannedForEncodings = 0;
			knownRegions = (
				en,
				"pt-BR",
			);
			mainGroup = E3ADD8CE24F0976A00ED43A9;
			productRefGroup = E3ADD8D824F0976A00ED43A9 /* Products */;
			projectDirPath = "";
			projectRoot = "";
			targets = (
				E3ADD8D624F0976A00ED43A9 /* PetHelp */,
			);
		};
/* End PBXProject section */

/* Begin PBXResourcesBuildPhase section */
		E3ADD8D524F0976A00ED43A9 /* Resources */ = {
			isa = PBXResourcesBuildPhase;
			buildActionMask = 2147483647;
			files = (
				E3B6FD7E2518098100814FCE /* Localizable.strings in Resources */,
				E3ADD8E224F0976C00ED43A9 /* Preview Assets.xcassets in Resources */,
				E3580C9F24FC161000BED59C /* GoogleService-Info.plist in Resources */,
				E3ADD8DF24F0976C00ED43A9 /* Assets.xcassets in Resources */,
				E303430C24F43A7000082D1D /* Launch Screen.storyboard in Resources */,
			);
			runOnlyForDeploymentPostprocessing = 0;
		};
/* End PBXResourcesBuildPhase section */

/* Begin PBXShellScriptBuildPhase section */
		8BE6043A15DD51CDA62D1741 /* [CP] Embed Pods Frameworks */ = {
			isa = PBXShellScriptBuildPhase;
			buildActionMask = 2147483647;
			files = (
			);
			inputFileListPaths = (
				"${PODS_ROOT}/Target Support Files/Pods-PetHelp/Pods-PetHelp-frameworks-${CONFIGURATION}-input-files.xcfilelist",
			);
			name = "[CP] Embed Pods Frameworks";
			outputFileListPaths = (
				"${PODS_ROOT}/Target Support Files/Pods-PetHelp/Pods-PetHelp-frameworks-${CONFIGURATION}-output-files.xcfilelist",
			);
			runOnlyForDeploymentPostprocessing = 0;
			shellPath = /bin/sh;
			shellScript = "\"${PODS_ROOT}/Target Support Files/Pods-PetHelp/Pods-PetHelp-frameworks.sh\"\n";
			showEnvVarsInLog = 0;
		};
		98673FCE412FC1C27C0821F4 /* [CP] Check Pods Manifest.lock */ = {
			isa = PBXShellScriptBuildPhase;
			buildActionMask = 2147483647;
			files = (
			);
			inputFileListPaths = (
			);
			inputPaths = (
				"${PODS_PODFILE_DIR_PATH}/Podfile.lock",
				"${PODS_ROOT}/Manifest.lock",
			);
			name = "[CP] Check Pods Manifest.lock";
			outputFileListPaths = (
			);
			outputPaths = (
				"$(DERIVED_FILE_DIR)/Pods-PetHelp-checkManifestLockResult.txt",
			);
			runOnlyForDeploymentPostprocessing = 0;
			shellPath = /bin/sh;
			shellScript = "diff \"${PODS_PODFILE_DIR_PATH}/Podfile.lock\" \"${PODS_ROOT}/Manifest.lock\" > /dev/null\nif [ $? != 0 ] ; then\n    # print error to STDERR\n    echo \"error: The sandbox is not in sync with the Podfile.lock. Run 'pod install' or update your CocoaPods installation.\" >&2\n    exit 1\nfi\n# This output is used by Xcode 'outputs' to avoid re-running this script phase.\necho \"SUCCESS\" > \"${SCRIPT_OUTPUT_FILE_0}\"\n";
			showEnvVarsInLog = 0;
		};
		E3B6FD192517F0AB00814FCE /* ShellScript */ = {
			isa = PBXShellScriptBuildPhase;
			buildActionMask = 2147483647;
			files = (
			);
			inputFileListPaths = (
			);
			inputPaths = (
			);
			outputFileListPaths = (
			);
			outputPaths = (
			);
			runOnlyForDeploymentPostprocessing = 0;
			shellPath = /bin/sh;
			shellScript = "if which swiftlint >/dev/null; then\n    swiftlint\nelse\n    echo \"warning: Swiftlint not installed, download from https://github.com/realm/SwiftLint\"\nfi\n";
		};
/* End PBXShellScriptBuildPhase section */

/* Begin PBXSourcesBuildPhase section */
		E3ADD8D324F0976A00ED43A9 /* Sources */ = {
			isa = PBXSourcesBuildPhase;
			buildActionMask = 2147483647;
			files = (
				E3A3F87A24F3402B0065E6A7 /* KeyboardHeightPublisher.swift in Sources */,
				E37A8D4025321BC900F8D1E7 /* LocationManagerX.swift in Sources */,
				E3259F8424F09B0E00EBE511 /* ButtonSpaced.swift in Sources */,
				E395E00525044A900075BF84 /* BottomSheet.swift in Sources */,
				E38DB84124F741D30034AA47 /* PetListItemView.swift in Sources */,
				E3BA036A24F5D2E1003E36B4 /* Coordinator.swift in Sources */,
				E3AF616825214580006D3F6B /* Location+initWithLocationDTO.swift in Sources */,
				E3B6FCED2517E27B00814FCE /* Pet.swift in Sources */,
				E3791A472509419E00AB9EFB /* KeyboardState.swift in Sources */,
				E3BA036C24F5D2F2003E36B4 /* ImagePicker.swift in Sources */,
				E3A44A3924F20C2E0079AEAA /* HomeView.swift in Sources */,
				E3BA037424F5EDEB003E36B4 /* SettingsView.swift in Sources */,
				E3BA037224F5E8AF003E36B4 /* AvatarView.swift in Sources */,
				E3D539FE2506AADC00F71F6C /* MapView.swift in Sources */,
				E3ADD8DD24F0976A00ED43A9 /* ContentView.swift in Sources */,
				E3FEAF6D24F14E3E00F7EC2D /* LoginView.swift in Sources */,
				E3A44A3B24F212BC0079AEAA /* BaseView.swift in Sources */,
				E3EA0EF324F205390020C007 /* RoundedTextField.swift in Sources */,
				E395E0012503E6820075BF84 /* AnnotationsListView.swift in Sources */,
				E3580CA124FC1B8800BED59C /* Location.swift in Sources */,
				E3580CA324FC1FD100BED59C /* MapAnnotationView.swift in Sources */,
				E39483B0252954AB00115C13 /* Geofirestore.swift in Sources */,
				E3EEF8FE251D1A2200C5183C /* View+HideKeyboard.swift in Sources */,
				E395E00825051FA40075BF84 /* SearchBar.swift in Sources */,
				E3BA036F24F5D378003E36B4 /* String+getImage.swift in Sources */,
				E3B6FCEA2517E1EF00814FCE /* PetStore.swift in Sources */,
				E3713D2E251437B700557A0B /* NewPetView.swift in Sources */,
				E35BA45B2511A08A004FE28C /* ButtonCircle.swift in Sources */,
				E39FC04E24F49449002C12CB /* User.swift in Sources */,
				E37A8D442534838400F8D1E7 /* Pets.swift in Sources */,
				E3D53A002506B7EE00F71F6C /* LocationsView.swift in Sources */,
				E3AF616525213D4A006D3F6B /* LocationDTO.swift in Sources */,
				E3713D3025143C8A00557A0B /* RoundedTextEditor.swift in Sources */,
				E3B579FF2526815F00393DD4 /* PetDTO.swift in Sources */,
				E3AF614025213295006D3F6B /* LocationsRepository.swift in Sources */,
				E3ADD8DB24F0976A00ED43A9 /* PetHelpApp.swift in Sources */,
				E3A3F87C24F3406F0065E6A7 /* UIResponder+Current.swift in Sources */,
				E3EEF902251D1A9B00C5183C /* DismissKeyboard.swift in Sources */,
				E3AF613C2521039B006D3F6B /* CustomSectionView.swift in Sources */,
				E3A3F87824F340190065E6A7 /* KeyboardAdaptative.swift in Sources */,
				E395E00625044A900075BF84 /* BottomSheetDragIndicator.swift in Sources */,
				E3713D2C25140DB200557A0B /* SheetHeaderView.swift in Sources */,
				E3B57A02252681FC00393DD4 /* Pet+initWithPetDTO.swift in Sources */,
				E37A8D3C2531EF6200F8D1E7 /* Mappable.swift in Sources */,
				E3D3CE3224F9C71900A59D19 /* LocationManager.swift in Sources */,
				E3D3CE2B24F9BF9200A59D19 /* MapView2.swift in Sources */,
				E3B6FD852518179E00814FCE /* PetListView.swift in Sources */,
				E357B5D0251786D000B23417 /* ImagesView.swift in Sources */,
				E3AF613925210221006D3F6B /* LocationFoundView.swift in Sources */,
				E333CCA624FC38EE004BACC7 /* SearchResultsListView.swift in Sources */,
				E39FC05124F49720002C12CB /* UserStore.swift in Sources */,
				E38DB83F24F738800034AA47 /* LoadingView.swift in Sources */,
			);
			runOnlyForDeploymentPostprocessing = 0;
		};
/* End PBXSourcesBuildPhase section */

/* Begin PBXVariantGroup section */
		E3B6FD802518098100814FCE /* Localizable.strings */ = {
			isa = PBXVariantGroup;
			children = (
				E3B6FD7F2518098100814FCE /* en */,
				E3B6FD822518098A00814FCE /* pt-BR */,
			);
			name = Localizable.strings;
			sourceTree = "<group>";
		};
/* End PBXVariantGroup section */

/* Begin XCBuildConfiguration section */
		E3ADD8E424F0976C00ED43A9 /* Debug */ = {
			isa = XCBuildConfiguration;
			buildSettings = {
				ALWAYS_SEARCH_USER_PATHS = NO;
				CLANG_ANALYZER_NONNULL = YES;
				CLANG_ANALYZER_NUMBER_OBJECT_CONVERSION = YES_AGGRESSIVE;
				CLANG_CXX_LANGUAGE_STANDARD = "gnu++14";
				CLANG_CXX_LIBRARY = "libc++";
				CLANG_ENABLE_MODULES = YES;
				CLANG_ENABLE_OBJC_ARC = YES;
				CLANG_ENABLE_OBJC_WEAK = YES;
				CLANG_WARN_BLOCK_CAPTURE_AUTORELEASING = YES;
				CLANG_WARN_BOOL_CONVERSION = YES;
				CLANG_WARN_COMMA = YES;
				CLANG_WARN_CONSTANT_CONVERSION = YES;
				CLANG_WARN_DEPRECATED_OBJC_IMPLEMENTATIONS = YES;
				CLANG_WARN_DIRECT_OBJC_ISA_USAGE = YES_ERROR;
				CLANG_WARN_DOCUMENTATION_COMMENTS = YES;
				CLANG_WARN_EMPTY_BODY = YES;
				CLANG_WARN_ENUM_CONVERSION = YES;
				CLANG_WARN_INFINITE_RECURSION = YES;
				CLANG_WARN_INT_CONVERSION = YES;
				CLANG_WARN_NON_LITERAL_NULL_CONVERSION = YES;
				CLANG_WARN_OBJC_IMPLICIT_RETAIN_SELF = YES;
				CLANG_WARN_OBJC_LITERAL_CONVERSION = YES;
				CLANG_WARN_OBJC_ROOT_CLASS = YES_ERROR;
				CLANG_WARN_QUOTED_INCLUDE_IN_FRAMEWORK_HEADER = YES;
				CLANG_WARN_RANGE_LOOP_ANALYSIS = YES;
				CLANG_WARN_STRICT_PROTOTYPES = YES;
				CLANG_WARN_SUSPICIOUS_MOVE = YES;
				CLANG_WARN_UNGUARDED_AVAILABILITY = YES_AGGRESSIVE;
				CLANG_WARN_UNREACHABLE_CODE = YES;
				CLANG_WARN__DUPLICATE_METHOD_MATCH = YES;
				COPY_PHASE_STRIP = NO;
				DEBUG_INFORMATION_FORMAT = dwarf;
				ENABLE_STRICT_OBJC_MSGSEND = YES;
				ENABLE_TESTABILITY = YES;
				GCC_C_LANGUAGE_STANDARD = gnu11;
				GCC_DYNAMIC_NO_PIC = NO;
				GCC_NO_COMMON_BLOCKS = YES;
				GCC_OPTIMIZATION_LEVEL = 0;
				GCC_PREPROCESSOR_DEFINITIONS = (
					"DEBUG=1",
					"$(inherited)",
				);
				GCC_WARN_64_TO_32_BIT_CONVERSION = YES;
				GCC_WARN_ABOUT_RETURN_TYPE = YES_ERROR;
				GCC_WARN_UNDECLARED_SELECTOR = YES;
				GCC_WARN_UNINITIALIZED_AUTOS = YES_AGGRESSIVE;
				GCC_WARN_UNUSED_FUNCTION = YES;
				GCC_WARN_UNUSED_VARIABLE = YES;
				IPHONEOS_DEPLOYMENT_TARGET = 14.0;
				MTL_ENABLE_DEBUG_INFO = INCLUDE_SOURCE;
				MTL_FAST_MATH = YES;
				ONLY_ACTIVE_ARCH = YES;
				SDKROOT = iphoneos;
				SWIFT_ACTIVE_COMPILATION_CONDITIONS = DEBUG;
				SWIFT_OPTIMIZATION_LEVEL = "-Onone";
			};
			name = Debug;
		};
		E3ADD8E524F0976C00ED43A9 /* Release */ = {
			isa = XCBuildConfiguration;
			buildSettings = {
				ALWAYS_SEARCH_USER_PATHS = NO;
				CLANG_ANALYZER_NONNULL = YES;
				CLANG_ANALYZER_NUMBER_OBJECT_CONVERSION = YES_AGGRESSIVE;
				CLANG_CXX_LANGUAGE_STANDARD = "gnu++14";
				CLANG_CXX_LIBRARY = "libc++";
				CLANG_ENABLE_MODULES = YES;
				CLANG_ENABLE_OBJC_ARC = YES;
				CLANG_ENABLE_OBJC_WEAK = YES;
				CLANG_WARN_BLOCK_CAPTURE_AUTORELEASING = YES;
				CLANG_WARN_BOOL_CONVERSION = YES;
				CLANG_WARN_COMMA = YES;
				CLANG_WARN_CONSTANT_CONVERSION = YES;
				CLANG_WARN_DEPRECATED_OBJC_IMPLEMENTATIONS = YES;
				CLANG_WARN_DIRECT_OBJC_ISA_USAGE = YES_ERROR;
				CLANG_WARN_DOCUMENTATION_COMMENTS = YES;
				CLANG_WARN_EMPTY_BODY = YES;
				CLANG_WARN_ENUM_CONVERSION = YES;
				CLANG_WARN_INFINITE_RECURSION = YES;
				CLANG_WARN_INT_CONVERSION = YES;
				CLANG_WARN_NON_LITERAL_NULL_CONVERSION = YES;
				CLANG_WARN_OBJC_IMPLICIT_RETAIN_SELF = YES;
				CLANG_WARN_OBJC_LITERAL_CONVERSION = YES;
				CLANG_WARN_OBJC_ROOT_CLASS = YES_ERROR;
				CLANG_WARN_QUOTED_INCLUDE_IN_FRAMEWORK_HEADER = YES;
				CLANG_WARN_RANGE_LOOP_ANALYSIS = YES;
				CLANG_WARN_STRICT_PROTOTYPES = YES;
				CLANG_WARN_SUSPICIOUS_MOVE = YES;
				CLANG_WARN_UNGUARDED_AVAILABILITY = YES_AGGRESSIVE;
				CLANG_WARN_UNREACHABLE_CODE = YES;
				CLANG_WARN__DUPLICATE_METHOD_MATCH = YES;
				COPY_PHASE_STRIP = NO;
				DEBUG_INFORMATION_FORMAT = "dwarf-with-dsym";
				ENABLE_NS_ASSERTIONS = NO;
				ENABLE_STRICT_OBJC_MSGSEND = YES;
				GCC_C_LANGUAGE_STANDARD = gnu11;
				GCC_NO_COMMON_BLOCKS = YES;
				GCC_WARN_64_TO_32_BIT_CONVERSION = YES;
				GCC_WARN_ABOUT_RETURN_TYPE = YES_ERROR;
				GCC_WARN_UNDECLARED_SELECTOR = YES;
				GCC_WARN_UNINITIALIZED_AUTOS = YES_AGGRESSIVE;
				GCC_WARN_UNUSED_FUNCTION = YES;
				GCC_WARN_UNUSED_VARIABLE = YES;
				IPHONEOS_DEPLOYMENT_TARGET = 14.0;
				MTL_ENABLE_DEBUG_INFO = NO;
				MTL_FAST_MATH = YES;
				SDKROOT = iphoneos;
				SWIFT_COMPILATION_MODE = wholemodule;
				SWIFT_OPTIMIZATION_LEVEL = "-O";
				VALIDATE_PRODUCT = YES;
			};
			name = Release;
		};
		E3ADD8E724F0976C00ED43A9 /* Debug */ = {
			isa = XCBuildConfiguration;
			baseConfigurationReference = F81D05AEAA62F3DA549EC09E /* Pods-PetHelp.debug.xcconfig */;
			buildSettings = {
				ASSETCATALOG_COMPILER_APPICON_NAME = AppIcon;
				ASSETCATALOG_COMPILER_GLOBAL_ACCENT_COLOR_NAME = AccentColor;
				CODE_SIGN_IDENTITY = "Apple Development";
				CODE_SIGN_STYLE = Automatic;
				DEVELOPMENT_ASSET_PATHS = "\"PetHelp/Preview Content\"";
				DEVELOPMENT_TEAM = 6B36S74UH9;
				ENABLE_PREVIEWS = YES;
				INFOPLIST_FILE = PetHelp/Info.plist;
				IPHONEOS_DEPLOYMENT_TARGET = 14.0;
				LD_RUNPATH_SEARCH_PATHS = (
					"$(inherited)",
					"@executable_path/Frameworks",
				);
				PRODUCT_BUNDLE_IDENTIFIER = com.br.pethelp;
				PRODUCT_NAME = "$(TARGET_NAME)";
				PROVISIONING_PROFILE_SPECIFIER = "";
				SWIFT_VERSION = 5.0;
				TARGETED_DEVICE_FAMILY = "1,2";
			};
			name = Debug;
		};
		E3ADD8E824F0976C00ED43A9 /* Release */ = {
			isa = XCBuildConfiguration;
			baseConfigurationReference = 3633E389B23F54F192DCA990 /* Pods-PetHelp.release.xcconfig */;
			buildSettings = {
				ASSETCATALOG_COMPILER_APPICON_NAME = AppIcon;
				ASSETCATALOG_COMPILER_GLOBAL_ACCENT_COLOR_NAME = AccentColor;
				CODE_SIGN_IDENTITY = "Apple Development";
				CODE_SIGN_STYLE = Automatic;
				DEVELOPMENT_ASSET_PATHS = "\"PetHelp/Preview Content\"";
				DEVELOPMENT_TEAM = 6B36S74UH9;
				ENABLE_PREVIEWS = YES;
				INFOPLIST_FILE = PetHelp/Info.plist;
				IPHONEOS_DEPLOYMENT_TARGET = 14.0;
				LD_RUNPATH_SEARCH_PATHS = (
					"$(inherited)",
					"@executable_path/Frameworks",
				);
				PRODUCT_BUNDLE_IDENTIFIER = com.br.pethelp;
				PRODUCT_NAME = "$(TARGET_NAME)";
				PROVISIONING_PROFILE_SPECIFIER = "";
				SWIFT_VERSION = 5.0;
				TARGETED_DEVICE_FAMILY = "1,2";
			};
			name = Release;
		};
/* End XCBuildConfiguration section */

/* Begin XCConfigurationList section */
		E3ADD8D224F0976A00ED43A9 /* Build configuration list for PBXProject "PetHelp" */ = {
			isa = XCConfigurationList;
			buildConfigurations = (
				E3ADD8E424F0976C00ED43A9 /* Debug */,
				E3ADD8E524F0976C00ED43A9 /* Release */,
			);
			defaultConfigurationIsVisible = 0;
			defaultConfigurationName = Release;
		};
		E3ADD8E624F0976C00ED43A9 /* Build configuration list for PBXNativeTarget "PetHelp" */ = {
			isa = XCConfigurationList;
			buildConfigurations = (
				E3ADD8E724F0976C00ED43A9 /* Debug */,
				E3ADD8E824F0976C00ED43A9 /* Release */,
			);
			defaultConfigurationIsVisible = 0;
			defaultConfigurationName = Release;
		};
/* End XCConfigurationList section */
	};
	rootObject = E3ADD8CF24F0976A00ED43A9 /* Project object */;
}
